// !$*UTF8*$!
{
	archiveVersion = 1;
	classes = {
	};
	objectVersion = 56;
	objects = {

/* Begin PBXBuildFile section */
		85127EF22B05864F00B85166 /* SwiftUIView.swift in Sources */ = {isa = PBXBuildFile; fileRef = 85127EF12B05864F00B85166 /* SwiftUIView.swift */; };
		85127EF42B05865B00B85166 /* chinatown.swift in Sources */ = {isa = PBXBuildFile; fileRef = 85127EF32B05865B00B85166 /* chinatown.swift */; };
		85127EF62B05894500B85166 /* ChinatownGate.swift in Sources */ = {isa = PBXBuildFile; fileRef = 85127EF52B05894500B85166 /* ChinatownGate.swift */; };
		85127EF82B05895A00B85166 /* Ninedragons.swift in Sources */ = {isa = PBXBuildFile; fileRef = 85127EF72B05895A00B85166 /* Ninedragons.swift */; };
		8530976B2AF08F8200A7E8F3 /* stops.txt in Resources */ = {isa = PBXBuildFile; fileRef = 8530976A2AF08F8200A7E8F3 /* stops.txt */; };
		85DBDE712AE42E3600DB5763 /* ChiviApp.swift in Sources */ = {isa = PBXBuildFile; fileRef = 85DBDE702AE42E3600DB5763 /* ChiviApp.swift */; };
		85DBDE732AE42E3600DB5763 /* ContentView.swift in Sources */ = {isa = PBXBuildFile; fileRef = 85DBDE722AE42E3600DB5763 /* ContentView.swift */; };
		85DBDE752AE42E3800DB5763 /* Assets.xcassets in Resources */ = {isa = PBXBuildFile; fileRef = 85DBDE742AE42E3800DB5763 /* Assets.xcassets */; };
		85DBDE782AE42E3800DB5763 /* Preview Assets.xcassets in Resources */ = {isa = PBXBuildFile; fileRef = 85DBDE772AE42E3800DB5763 /* Preview Assets.xcassets */; };
		85DBDE822AE42E3800DB5763 /* ChiviTests.swift in Sources */ = {isa = PBXBuildFile; fileRef = 85DBDE812AE42E3800DB5763 /* ChiviTests.swift */; };
		85DBDE8C2AE42E3800DB5763 /* ChiviUITests.swift in Sources */ = {isa = PBXBuildFile; fileRef = 85DBDE8B2AE42E3800DB5763 /* ChiviUITests.swift */; };
		85DBDE8E2AE42E3800DB5763 /* ChiviUITestsLaunchTests.swift in Sources */ = {isa = PBXBuildFile; fileRef = 85DBDE8D2AE42E3800DB5763 /* ChiviUITestsLaunchTests.swift */; };
		85DBDE9B2AE42E4900DB5763 /* number1.swift in Sources */ = {isa = PBXBuildFile; fileRef = 85DBDE9A2AE42E4900DB5763 /* number1.swift */; };
		85DBDE9D2AE42E4F00DB5763 /* number2.swift in Sources */ = {isa = PBXBuildFile; fileRef = 85DBDE9C2AE42E4F00DB5763 /* number2.swift */; };
		85DBDE9F2AE42E5700DB5763 /* number3.swift in Sources */ = {isa = PBXBuildFile; fileRef = 85DBDE9E2AE42E5700DB5763 /* number3.swift */; };
		85DBDEA12AE42E6A00DB5763 /* Number4.swift in Sources */ = {isa = PBXBuildFile; fileRef = 85DBDEA02AE42E6A00DB5763 /* Number4.swift */; };
		85E6D4F42AF55A5C00AAA28F /* redlineMile.swift in Sources */ = {isa = PBXBuildFile; fileRef = 85E6D4F32AF55A5C00AAA28F /* redlineMile.swift */; };
		85E6D4F62AF55EAF00AAA28F /* berlinwall.swift in Sources */ = {isa = PBXBuildFile; fileRef = 85E6D4F52AF55EAF00AAA28F /* berlinwall.swift */; };
		85E6D4F82AF560BA00AAA28F /* bluelinepicaso.swift in Sources */ = {isa = PBXBuildFile; fileRef = 85E6D4F72AF560BA00AAA28F /* bluelinepicaso.swift */; };
		85E940B92AF48D2400FB50BA /* Combo2and3.swift in Sources */ = {isa = PBXBuildFile; fileRef = 85E940B82AF48D2300FB50BA /* Combo2and3.swift */; };
		B9882B1E2B155DE5007709E3 /* GoogleService-Info.plist in Resources */ = {isa = PBXBuildFile; fileRef = B9882B1D2B155DE5007709E3 /* GoogleService-Info.plist */; };
		B9882B212B155EA3007709E3 /* FirebaseAnalytics in Frameworks */ = {isa = PBXBuildFile; productRef = B9882B202B155EA3007709E3 /* FirebaseAnalytics */; };
		B9882B232B155EA3007709E3 /* FirebaseAnalyticsOnDeviceConversion in Frameworks */ = {isa = PBXBuildFile; productRef = B9882B222B155EA3007709E3 /* FirebaseAnalyticsOnDeviceConversion */; };
		B9882B252B155EA3007709E3 /* FirebaseAnalyticsSwift in Frameworks */ = {isa = PBXBuildFile; productRef = B9882B242B155EA3007709E3 /* FirebaseAnalyticsSwift */; };
		B9882B272B155EA3007709E3 /* FirebaseAnalyticsWithoutAdIdSupport in Frameworks */ = {isa = PBXBuildFile; productRef = B9882B262B155EA3007709E3 /* FirebaseAnalyticsWithoutAdIdSupport */; };
		B9882B292B155EA3007709E3 /* FirebaseAppCheck in Frameworks */ = {isa = PBXBuildFile; productRef = B9882B282B155EA3007709E3 /* FirebaseAppCheck */; };
		B9882B2B2B155EA3007709E3 /* FirebaseAppDistribution-Beta in Frameworks */ = {isa = PBXBuildFile; productRef = B9882B2A2B155EA3007709E3 /* FirebaseAppDistribution-Beta */; };
		B9882B2D2B155EA3007709E3 /* FirebaseAuth in Frameworks */ = {isa = PBXBuildFile; productRef = B9882B2C2B155EA3007709E3 /* FirebaseAuth */; };
		B9882B2F2B155EA3007709E3 /* FirebaseAuthCombine-Community in Frameworks */ = {isa = PBXBuildFile; productRef = B9882B2E2B155EA3007709E3 /* FirebaseAuthCombine-Community */; };
		B9882B312B155EA3007709E3 /* FirebaseCrashlytics in Frameworks */ = {isa = PBXBuildFile; productRef = B9882B302B155EA3007709E3 /* FirebaseCrashlytics */; };
		B9882B332B155EA3007709E3 /* FirebaseDatabase in Frameworks */ = {isa = PBXBuildFile; productRef = B9882B322B155EA3007709E3 /* FirebaseDatabase */; };
		B9882B352B155EA3007709E3 /* FirebaseDatabaseSwift in Frameworks */ = {isa = PBXBuildFile; productRef = B9882B342B155EA3007709E3 /* FirebaseDatabaseSwift */; };
		B9882B372B155EA3007709E3 /* FirebaseDynamicLinks in Frameworks */ = {isa = PBXBuildFile; productRef = B9882B362B155EA3007709E3 /* FirebaseDynamicLinks */; };
		B9882B392B155EA3007709E3 /* FirebaseFirestore in Frameworks */ = {isa = PBXBuildFile; productRef = B9882B382B155EA3007709E3 /* FirebaseFirestore */; };
		B9882B3B2B155EA3007709E3 /* FirebaseFirestoreCombine-Community in Frameworks */ = {isa = PBXBuildFile; productRef = B9882B3A2B155EA3007709E3 /* FirebaseFirestoreCombine-Community */; };
		B9882B3D2B155EA3007709E3 /* FirebaseFirestoreSwift in Frameworks */ = {isa = PBXBuildFile; productRef = B9882B3C2B155EA3007709E3 /* FirebaseFirestoreSwift */; };
		B9882B3F2B155EA3007709E3 /* FirebaseFunctions in Frameworks */ = {isa = PBXBuildFile; productRef = B9882B3E2B155EA3007709E3 /* FirebaseFunctions */; };
		B9882B412B155EA3007709E3 /* FirebaseFunctionsCombine-Community in Frameworks */ = {isa = PBXBuildFile; productRef = B9882B402B155EA3007709E3 /* FirebaseFunctionsCombine-Community */; };
		B9882B432B155EA3007709E3 /* FirebaseInAppMessaging-Beta in Frameworks */ = {isa = PBXBuildFile; productRef = B9882B422B155EA3007709E3 /* FirebaseInAppMessaging-Beta */; };
		B9882B452B155EA3007709E3 /* FirebaseInAppMessagingSwift-Beta in Frameworks */ = {isa = PBXBuildFile; productRef = B9882B442B155EA3007709E3 /* FirebaseInAppMessagingSwift-Beta */; };
		B9882B472B155EA3007709E3 /* FirebaseInstallations in Frameworks */ = {isa = PBXBuildFile; productRef = B9882B462B155EA3007709E3 /* FirebaseInstallations */; };
		B9882B492B155EA3007709E3 /* FirebaseMLModelDownloader in Frameworks */ = {isa = PBXBuildFile; productRef = B9882B482B155EA3007709E3 /* FirebaseMLModelDownloader */; };
		B9882B4B2B155EA3007709E3 /* FirebaseMessaging in Frameworks */ = {isa = PBXBuildFile; productRef = B9882B4A2B155EA3007709E3 /* FirebaseMessaging */; };
		B9882B4D2B155EA3007709E3 /* FirebasePerformance in Frameworks */ = {isa = PBXBuildFile; productRef = B9882B4C2B155EA3007709E3 /* FirebasePerformance */; };
		B9882B4F2B155EA3007709E3 /* FirebaseRemoteConfig in Frameworks */ = {isa = PBXBuildFile; productRef = B9882B4E2B155EA3007709E3 /* FirebaseRemoteConfig */; };
		B9882B512B155EA3007709E3 /* FirebaseRemoteConfigSwift in Frameworks */ = {isa = PBXBuildFile; productRef = B9882B502B155EA3007709E3 /* FirebaseRemoteConfigSwift */; };
		B9882B532B155EA3007709E3 /* FirebaseStorage in Frameworks */ = {isa = PBXBuildFile; productRef = B9882B522B155EA3007709E3 /* FirebaseStorage */; };
		B9882B552B155EA3007709E3 /* FirebaseStorageCombine-Community in Frameworks */ = {isa = PBXBuildFile; productRef = B9882B542B155EA3007709E3 /* FirebaseStorageCombine-Community */; };
/* End PBXBuildFile section */

/* Begin PBXContainerItemProxy section */
		85DBDE7E2AE42E3800DB5763 /* PBXContainerItemProxy */ = {
			isa = PBXContainerItemProxy;
			containerPortal = 85DBDE652AE42E3600DB5763 /* Project object */;
			proxyType = 1;
			remoteGlobalIDString = 85DBDE6C2AE42E3600DB5763;
			remoteInfo = Chivi;
		};
		85DBDE882AE42E3800DB5763 /* PBXContainerItemProxy */ = {
			isa = PBXContainerItemProxy;
			containerPortal = 85DBDE652AE42E3600DB5763 /* Project object */;
			proxyType = 1;
			remoteGlobalIDString = 85DBDE6C2AE42E3600DB5763;
			remoteInfo = Chivi;
		};
/* End PBXContainerItemProxy section */

/* Begin PBXFileReference section */
		85127EF12B05864F00B85166 /* SwiftUIView.swift */ = {isa = PBXFileReference; lastKnownFileType = sourcecode.swift; path = SwiftUIView.swift; sourceTree = "<group>"; };
		85127EF32B05865B00B85166 /* chinatown.swift */ = {isa = PBXFileReference; lastKnownFileType = sourcecode.swift; path = chinatown.swift; sourceTree = "<group>"; };
		85127EF52B05894500B85166 /* ChinatownGate.swift */ = {isa = PBXFileReference; lastKnownFileType = sourcecode.swift; path = ChinatownGate.swift; sourceTree = "<group>"; };
		85127EF72B05895A00B85166 /* Ninedragons.swift */ = {isa = PBXFileReference; lastKnownFileType = sourcecode.swift; path = Ninedragons.swift; sourceTree = "<group>"; };
		8530976A2AF08F8200A7E8F3 /* stops.txt */ = {isa = PBXFileReference; lastKnownFileType = text; path = stops.txt; sourceTree = "<group>"; };
		85DBDE6D2AE42E3600DB5763 /* Chivi.app */ = {isa = PBXFileReference; explicitFileType = wrapper.application; includeInIndex = 0; path = Chivi.app; sourceTree = BUILT_PRODUCTS_DIR; };
		85DBDE702AE42E3600DB5763 /* ChiviApp.swift */ = {isa = PBXFileReference; lastKnownFileType = sourcecode.swift; path = ChiviApp.swift; sourceTree = "<group>"; };
		85DBDE722AE42E3600DB5763 /* ContentView.swift */ = {isa = PBXFileReference; lastKnownFileType = sourcecode.swift; path = ContentView.swift; sourceTree = "<group>"; };
		85DBDE742AE42E3800DB5763 /* Assets.xcassets */ = {isa = PBXFileReference; lastKnownFileType = folder.assetcatalog; path = Assets.xcassets; sourceTree = "<group>"; };
		85DBDE772AE42E3800DB5763 /* Preview Assets.xcassets */ = {isa = PBXFileReference; lastKnownFileType = folder.assetcatalog; path = "Preview Assets.xcassets"; sourceTree = "<group>"; };
		85DBDE7D2AE42E3800DB5763 /* ChiviTests.xctest */ = {isa = PBXFileReference; explicitFileType = wrapper.cfbundle; includeInIndex = 0; path = ChiviTests.xctest; sourceTree = BUILT_PRODUCTS_DIR; };
		85DBDE812AE42E3800DB5763 /* ChiviTests.swift */ = {isa = PBXFileReference; lastKnownFileType = sourcecode.swift; path = ChiviTests.swift; sourceTree = "<group>"; };
		85DBDE872AE42E3800DB5763 /* ChiviUITests.xctest */ = {isa = PBXFileReference; explicitFileType = wrapper.cfbundle; includeInIndex = 0; path = ChiviUITests.xctest; sourceTree = BUILT_PRODUCTS_DIR; };
		85DBDE8B2AE42E3800DB5763 /* ChiviUITests.swift */ = {isa = PBXFileReference; lastKnownFileType = sourcecode.swift; path = ChiviUITests.swift; sourceTree = "<group>"; };
		85DBDE8D2AE42E3800DB5763 /* ChiviUITestsLaunchTests.swift */ = {isa = PBXFileReference; lastKnownFileType = sourcecode.swift; path = ChiviUITestsLaunchTests.swift; sourceTree = "<group>"; };
		85DBDE9A2AE42E4900DB5763 /* number1.swift */ = {isa = PBXFileReference; lastKnownFileType = sourcecode.swift; path = number1.swift; sourceTree = "<group>"; };
		85DBDE9C2AE42E4F00DB5763 /* number2.swift */ = {isa = PBXFileReference; lastKnownFileType = sourcecode.swift; path = number2.swift; sourceTree = "<group>"; };
		85DBDE9E2AE42E5700DB5763 /* number3.swift */ = {isa = PBXFileReference; lastKnownFileType = sourcecode.swift; path = number3.swift; sourceTree = "<group>"; };
		85DBDEA02AE42E6A00DB5763 /* Number4.swift */ = {isa = PBXFileReference; lastKnownFileType = sourcecode.swift; path = Number4.swift; sourceTree = "<group>"; };
		85E6D4F32AF55A5C00AAA28F /* redlineMile.swift */ = {isa = PBXFileReference; lastKnownFileType = sourcecode.swift; path = redlineMile.swift; sourceTree = "<group>"; };
		85E6D4F52AF55EAF00AAA28F /* berlinwall.swift */ = {isa = PBXFileReference; lastKnownFileType = sourcecode.swift; path = berlinwall.swift; sourceTree = "<group>"; };
		85E6D4F72AF560BA00AAA28F /* bluelinepicaso.swift */ = {isa = PBXFileReference; lastKnownFileType = sourcecode.swift; path = bluelinepicaso.swift; sourceTree = "<group>"; };
		85E940B82AF48D2300FB50BA /* Combo2and3.swift */ = {isa = PBXFileReference; lastKnownFileType = sourcecode.swift; path = Combo2and3.swift; sourceTree = "<group>"; };
		B9882B1D2B155DE5007709E3 /* GoogleService-Info.plist */ = {isa = PBXFileReference; fileEncoding = 4; lastKnownFileType = text.plist.xml; path = "GoogleService-Info.plist"; sourceTree = "<group>"; };
/* End PBXFileReference section */

/* Begin PBXFrameworksBuildPhase section */
		85DBDE6A2AE42E3600DB5763 /* Frameworks */ = {
			isa = PBXFrameworksBuildPhase;
			buildActionMask = 2147483647;
			files = (
				B9882B332B155EA3007709E3 /* FirebaseDatabase in Frameworks */,
				B9882B412B155EA3007709E3 /* FirebaseFunctionsCombine-Community in Frameworks */,
				B9882B392B155EA3007709E3 /* FirebaseFirestore in Frameworks */,
				B9882B252B155EA3007709E3 /* FirebaseAnalyticsSwift in Frameworks */,
				B9882B212B155EA3007709E3 /* FirebaseAnalytics in Frameworks */,
				B9882B232B155EA3007709E3 /* FirebaseAnalyticsOnDeviceConversion in Frameworks */,
				B9882B492B155EA3007709E3 /* FirebaseMLModelDownloader in Frameworks */,
				B9882B3D2B155EA3007709E3 /* FirebaseFirestoreSwift in Frameworks */,
				B9882B292B155EA3007709E3 /* FirebaseAppCheck in Frameworks */,
				B9882B272B155EA3007709E3 /* FirebaseAnalyticsWithoutAdIdSupport in Frameworks */,
				B9882B2D2B155EA3007709E3 /* FirebaseAuth in Frameworks */,
				B9882B312B155EA3007709E3 /* FirebaseCrashlytics in Frameworks */,
				B9882B512B155EA3007709E3 /* FirebaseRemoteConfigSwift in Frameworks */,
				B9882B432B155EA3007709E3 /* FirebaseInAppMessaging-Beta in Frameworks */,
				B9882B352B155EA3007709E3 /* FirebaseDatabaseSwift in Frameworks */,
				B9882B3F2B155EA3007709E3 /* FirebaseFunctions in Frameworks */,
				B9882B552B155EA3007709E3 /* FirebaseStorageCombine-Community in Frameworks */,
				B9882B4F2B155EA3007709E3 /* FirebaseRemoteConfig in Frameworks */,
				B9882B2B2B155EA3007709E3 /* FirebaseAppDistribution-Beta in Frameworks */,
				B9882B2F2B155EA3007709E3 /* FirebaseAuthCombine-Community in Frameworks */,
				B9882B4D2B155EA3007709E3 /* FirebasePerformance in Frameworks */,
				B9882B452B155EA3007709E3 /* FirebaseInAppMessagingSwift-Beta in Frameworks */,
				B9882B532B155EA3007709E3 /* FirebaseStorage in Frameworks */,
				B9882B372B155EA3007709E3 /* FirebaseDynamicLinks in Frameworks */,
				B9882B3B2B155EA3007709E3 /* FirebaseFirestoreCombine-Community in Frameworks */,
				B9882B4B2B155EA3007709E3 /* FirebaseMessaging in Frameworks */,
				B9882B472B155EA3007709E3 /* FirebaseInstallations in Frameworks */,
			);
			runOnlyForDeploymentPostprocessing = 0;
		};
		85DBDE7A2AE42E3800DB5763 /* Frameworks */ = {
			isa = PBXFrameworksBuildPhase;
			buildActionMask = 2147483647;
			files = (
			);
			runOnlyForDeploymentPostprocessing = 0;
		};
		85DBDE842AE42E3800DB5763 /* Frameworks */ = {
			isa = PBXFrameworksBuildPhase;
			buildActionMask = 2147483647;
			files = (
			);
			runOnlyForDeploymentPostprocessing = 0;
		};
/* End PBXFrameworksBuildPhase section */

/* Begin PBXGroup section */
		85DBDE642AE42E3600DB5763 = {
			isa = PBXGroup;
			children = (
				8530976A2AF08F8200A7E8F3 /* stops.txt */,
				85DBDE6F2AE42E3600DB5763 /* Chivi */,
				85DBDE802AE42E3800DB5763 /* ChiviTests */,
				85DBDE8A2AE42E3800DB5763 /* ChiviUITests */,
				85DBDE6E2AE42E3600DB5763 /* Products */,
			);
			sourceTree = "<group>";
		};
		85DBDE6E2AE42E3600DB5763 /* Products */ = {
			isa = PBXGroup;
			children = (
				85DBDE6D2AE42E3600DB5763 /* Chivi.app */,
				85DBDE7D2AE42E3800DB5763 /* ChiviTests.xctest */,
				85DBDE872AE42E3800DB5763 /* ChiviUITests.xctest */,
			);
			name = Products;
			sourceTree = "<group>";
		};
		85DBDE6F2AE42E3600DB5763 /* Chivi */ = {
			isa = PBXGroup;
			children = (
				B9882B1D2B155DE5007709E3 /* GoogleService-Info.plist */,
				85DBDE702AE42E3600DB5763 /* ChiviApp.swift */,
				85E6D4F32AF55A5C00AAA28F /* redlineMile.swift */,
				85DBDE722AE42E3600DB5763 /* ContentView.swift */,
				85DBDE9A2AE42E4900DB5763 /* number1.swift */,
				85E6D4F72AF560BA00AAA28F /* bluelinepicaso.swift */,
				85E6D4F52AF55EAF00AAA28F /* berlinwall.swift */,
				85DBDE9C2AE42E4F00DB5763 /* number2.swift */,
				85E940B82AF48D2300FB50BA /* Combo2and3.swift */,
				85DBDE9E2AE42E5700DB5763 /* number3.swift */,
				85127EF32B05865B00B85166 /* chinatown.swift */,
				85127EF72B05895A00B85166 /* Ninedragons.swift */,
				85127EF52B05894500B85166 /* ChinatownGate.swift */,
				85127EF12B05864F00B85166 /* SwiftUIView.swift */,
				85DBDEA02AE42E6A00DB5763 /* Number4.swift */,
				85DBDE742AE42E3800DB5763 /* Assets.xcassets */,
				85DBDE762AE42E3800DB5763 /* Preview Content */,
			);
			path = Chivi;
			sourceTree = "<group>";
		};
		85DBDE762AE42E3800DB5763 /* Preview Content */ = {
			isa = PBXGroup;
			children = (
				85DBDE772AE42E3800DB5763 /* Preview Assets.xcassets */,
			);
			path = "Preview Content";
			sourceTree = "<group>";
		};
		85DBDE802AE42E3800DB5763 /* ChiviTests */ = {
			isa = PBXGroup;
			children = (
				85DBDE812AE42E3800DB5763 /* ChiviTests.swift */,
			);
			path = ChiviTests;
			sourceTree = "<group>";
		};
		85DBDE8A2AE42E3800DB5763 /* ChiviUITests */ = {
			isa = PBXGroup;
			children = (
				85DBDE8B2AE42E3800DB5763 /* ChiviUITests.swift */,
				85DBDE8D2AE42E3800DB5763 /* ChiviUITestsLaunchTests.swift */,
			);
			path = ChiviUITests;
			sourceTree = "<group>";
		};
/* End PBXGroup section */

/* Begin PBXNativeTarget section */
		85DBDE6C2AE42E3600DB5763 /* Chivi */ = {
			isa = PBXNativeTarget;
			buildConfigurationList = 85DBDE912AE42E3800DB5763 /* Build configuration list for PBXNativeTarget "Chivi" */;
			buildPhases = (
				85DBDE692AE42E3600DB5763 /* Sources */,
				85DBDE6A2AE42E3600DB5763 /* Frameworks */,
				85DBDE6B2AE42E3600DB5763 /* Resources */,
			);
			buildRules = (
			);
			dependencies = (
			);
			name = Chivi;
			packageProductDependencies = (
				B9882B202B155EA3007709E3 /* FirebaseAnalytics */,
				B9882B222B155EA3007709E3 /* FirebaseAnalyticsOnDeviceConversion */,
				B9882B242B155EA3007709E3 /* FirebaseAnalyticsSwift */,
				B9882B262B155EA3007709E3 /* FirebaseAnalyticsWithoutAdIdSupport */,
				B9882B282B155EA3007709E3 /* FirebaseAppCheck */,
				B9882B2A2B155EA3007709E3 /* FirebaseAppDistribution-Beta */,
				B9882B2C2B155EA3007709E3 /* FirebaseAuth */,
				B9882B2E2B155EA3007709E3 /* FirebaseAuthCombine-Community */,
				B9882B302B155EA3007709E3 /* FirebaseCrashlytics */,
				B9882B322B155EA3007709E3 /* FirebaseDatabase */,
				B9882B342B155EA3007709E3 /* FirebaseDatabaseSwift */,
				B9882B362B155EA3007709E3 /* FirebaseDynamicLinks */,
				B9882B382B155EA3007709E3 /* FirebaseFirestore */,
				B9882B3A2B155EA3007709E3 /* FirebaseFirestoreCombine-Community */,
				B9882B3C2B155EA3007709E3 /* FirebaseFirestoreSwift */,
				B9882B3E2B155EA3007709E3 /* FirebaseFunctions */,
				B9882B402B155EA3007709E3 /* FirebaseFunctionsCombine-Community */,
				B9882B422B155EA3007709E3 /* FirebaseInAppMessaging-Beta */,
				B9882B442B155EA3007709E3 /* FirebaseInAppMessagingSwift-Beta */,
				B9882B462B155EA3007709E3 /* FirebaseInstallations */,
				B9882B482B155EA3007709E3 /* FirebaseMLModelDownloader */,
				B9882B4A2B155EA3007709E3 /* FirebaseMessaging */,
				B9882B4C2B155EA3007709E3 /* FirebasePerformance */,
				B9882B4E2B155EA3007709E3 /* FirebaseRemoteConfig */,
				B9882B502B155EA3007709E3 /* FirebaseRemoteConfigSwift */,
				B9882B522B155EA3007709E3 /* FirebaseStorage */,
				B9882B542B155EA3007709E3 /* FirebaseStorageCombine-Community */,
			);
			productName = Chivi;
			productReference = 85DBDE6D2AE42E3600DB5763 /* Chivi.app */;
			productType = "com.apple.product-type.application";
		};
		85DBDE7C2AE42E3800DB5763 /* ChiviTests */ = {
			isa = PBXNativeTarget;
			buildConfigurationList = 85DBDE942AE42E3800DB5763 /* Build configuration list for PBXNativeTarget "ChiviTests" */;
			buildPhases = (
				85DBDE792AE42E3800DB5763 /* Sources */,
				85DBDE7A2AE42E3800DB5763 /* Frameworks */,
				85DBDE7B2AE42E3800DB5763 /* Resources */,
			);
			buildRules = (
			);
			dependencies = (
				85DBDE7F2AE42E3800DB5763 /* PBXTargetDependency */,
			);
			name = ChiviTests;
			productName = ChiviTests;
			productReference = 85DBDE7D2AE42E3800DB5763 /* ChiviTests.xctest */;
			productType = "com.apple.product-type.bundle.unit-test";
		};
		85DBDE862AE42E3800DB5763 /* ChiviUITests */ = {
			isa = PBXNativeTarget;
			buildConfigurationList = 85DBDE972AE42E3800DB5763 /* Build configuration list for PBXNativeTarget "ChiviUITests" */;
			buildPhases = (
				85DBDE832AE42E3800DB5763 /* Sources */,
				85DBDE842AE42E3800DB5763 /* Frameworks */,
				85DBDE852AE42E3800DB5763 /* Resources */,
			);
			buildRules = (
			);
			dependencies = (
				85DBDE892AE42E3800DB5763 /* PBXTargetDependency */,
			);
			name = ChiviUITests;
			productName = ChiviUITests;
			productReference = 85DBDE872AE42E3800DB5763 /* ChiviUITests.xctest */;
			productType = "com.apple.product-type.bundle.ui-testing";
		};
/* End PBXNativeTarget section */

/* Begin PBXProject section */
		85DBDE652AE42E3600DB5763 /* Project object */ = {
			isa = PBXProject;
			attributes = {
				BuildIndependentTargetsInParallel = 1;
				LastSwiftUpdateCheck = 1500;
				LastUpgradeCheck = 1500;
				TargetAttributes = {
					85DBDE6C2AE42E3600DB5763 = {
						CreatedOnToolsVersion = 15.0.1;
					};
					85DBDE7C2AE42E3800DB5763 = {
						CreatedOnToolsVersion = 15.0.1;
						TestTargetID = 85DBDE6C2AE42E3600DB5763;
					};
					85DBDE862AE42E3800DB5763 = {
						CreatedOnToolsVersion = 15.0.1;
						TestTargetID = 85DBDE6C2AE42E3600DB5763;
					};
				};
			};
			buildConfigurationList = 85DBDE682AE42E3600DB5763 /* Build configuration list for PBXProject "Chivi" */;
			compatibilityVersion = "Xcode 14.0";
			developmentRegion = en;
			hasScannedForEncodings = 0;
			knownRegions = (
				en,
				Base,
			);
			mainGroup = 85DBDE642AE42E3600DB5763;
			packageReferences = (
				B9882B1F2B155EA3007709E3 /* XCRemoteSwiftPackageReference "firebase-ios-sdk" */,
			);
			productRefGroup = 85DBDE6E2AE42E3600DB5763 /* Products */;
			projectDirPath = "";
			projectRoot = "";
			targets = (
				85DBDE6C2AE42E3600DB5763 /* Chivi */,
				85DBDE7C2AE42E3800DB5763 /* ChiviTests */,
				85DBDE862AE42E3800DB5763 /* ChiviUITests */,
			);
		};
/* End PBXProject section */

/* Begin PBXResourcesBuildPhase section */
		85DBDE6B2AE42E3600DB5763 /* Resources */ = {
			isa = PBXResourcesBuildPhase;
			buildActionMask = 2147483647;
			files = (
				85DBDE782AE42E3800DB5763 /* Preview Assets.xcassets in Resources */,
				B9882B1E2B155DE5007709E3 /* GoogleService-Info.plist in Resources */,
				8530976B2AF08F8200A7E8F3 /* stops.txt in Resources */,
				85DBDE752AE42E3800DB5763 /* Assets.xcassets in Resources */,
			);
			runOnlyForDeploymentPostprocessing = 0;
		};
		85DBDE7B2AE42E3800DB5763 /* Resources */ = {
			isa = PBXResourcesBuildPhase;
			buildActionMask = 2147483647;
			files = (
			);
			runOnlyForDeploymentPostprocessing = 0;
		};
		85DBDE852AE42E3800DB5763 /* Resources */ = {
			isa = PBXResourcesBuildPhase;
			buildActionMask = 2147483647;
			files = (
			);
			runOnlyForDeploymentPostprocessing = 0;
		};
/* End PBXResourcesBuildPhase section */

/* Begin PBXSourcesBuildPhase section */
		85DBDE692AE42E3600DB5763 /* Sources */ = {
			isa = PBXSourcesBuildPhase;
			buildActionMask = 2147483647;
			files = (
				85DBDE9B2AE42E4900DB5763 /* number1.swift in Sources */,
				85E6D4F62AF55EAF00AAA28F /* berlinwall.swift in Sources */,
				85127EF22B05864F00B85166 /* SwiftUIView.swift in Sources */,
				85DBDE732AE42E3600DB5763 /* ContentView.swift in Sources */,
				85DBDE712AE42E3600DB5763 /* ChiviApp.swift in Sources */,
				85DBDE9F2AE42E5700DB5763 /* number3.swift in Sources */,
				85DBDE9D2AE42E4F00DB5763 /* number2.swift in Sources */,
				85E6D4F82AF560BA00AAA28F /* bluelinepicaso.swift in Sources */,
				85DBDEA12AE42E6A00DB5763 /* Number4.swift in Sources */,
				85127EF62B05894500B85166 /* ChinatownGate.swift in Sources */,
				85127EF82B05895A00B85166 /* Ninedragons.swift in Sources */,
				85127EF42B05865B00B85166 /* chinatown.swift in Sources */,
				85E6D4F42AF55A5C00AAA28F /* redlineMile.swift in Sources */,
				85E940B92AF48D2400FB50BA /* Combo2and3.swift in Sources */,
			);
			runOnlyForDeploymentPostprocessing = 0;
		};
		85DBDE792AE42E3800DB5763 /* Sources */ = {
			isa = PBXSourcesBuildPhase;
			buildActionMask = 2147483647;
			files = (
				85DBDE822AE42E3800DB5763 /* ChiviTests.swift in Sources */,
			);
			runOnlyForDeploymentPostprocessing = 0;
		};
		85DBDE832AE42E3800DB5763 /* Sources */ = {
			isa = PBXSourcesBuildPhase;
			buildActionMask = 2147483647;
			files = (
				85DBDE8E2AE42E3800DB5763 /* ChiviUITestsLaunchTests.swift in Sources */,
				85DBDE8C2AE42E3800DB5763 /* ChiviUITests.swift in Sources */,
			);
			runOnlyForDeploymentPostprocessing = 0;
		};
/* End PBXSourcesBuildPhase section */

/* Begin PBXTargetDependency section */
		85DBDE7F2AE42E3800DB5763 /* PBXTargetDependency */ = {
			isa = PBXTargetDependency;
			target = 85DBDE6C2AE42E3600DB5763 /* Chivi */;
			targetProxy = 85DBDE7E2AE42E3800DB5763 /* PBXContainerItemProxy */;
		};
		85DBDE892AE42E3800DB5763 /* PBXTargetDependency */ = {
			isa = PBXTargetDependency;
			target = 85DBDE6C2AE42E3600DB5763 /* Chivi */;
			targetProxy = 85DBDE882AE42E3800DB5763 /* PBXContainerItemProxy */;
		};
/* End PBXTargetDependency section */

/* Begin XCBuildConfiguration section */
		85DBDE8F2AE42E3800DB5763 /* Debug */ = {
			isa = XCBuildConfiguration;
			buildSettings = {
				ALWAYS_SEARCH_USER_PATHS = NO;
				ASSETCATALOG_COMPILER_GENERATE_SWIFT_ASSET_SYMBOL_EXTENSIONS = YES;
				CLANG_ANALYZER_NONNULL = YES;
				CLANG_ANALYZER_NUMBER_OBJECT_CONVERSION = YES_AGGRESSIVE;
				CLANG_CXX_LANGUAGE_STANDARD = "gnu++20";
				CLANG_ENABLE_MODULES = YES;
				CLANG_ENABLE_OBJC_ARC = YES;
				CLANG_ENABLE_OBJC_WEAK = YES;
				CLANG_WARN_BLOCK_CAPTURE_AUTORELEASING = YES;
				CLANG_WARN_BOOL_CONVERSION = YES;
				CLANG_WARN_COMMA = YES;
				CLANG_WARN_CONSTANT_CONVERSION = YES;
				CLANG_WARN_DEPRECATED_OBJC_IMPLEMENTATIONS = YES;
				CLANG_WARN_DIRECT_OBJC_ISA_USAGE = YES_ERROR;
				CLANG_WARN_DOCUMENTATION_COMMENTS = YES;
				CLANG_WARN_EMPTY_BODY = YES;
				CLANG_WARN_ENUM_CONVERSION = YES;
				CLANG_WARN_INFINITE_RECURSION = YES;
				CLANG_WARN_INT_CONVERSION = YES;
				CLANG_WARN_NON_LITERAL_NULL_CONVERSION = YES;
				CLANG_WARN_OBJC_IMPLICIT_RETAIN_SELF = YES;
				CLANG_WARN_OBJC_LITERAL_CONVERSION = YES;
				CLANG_WARN_OBJC_ROOT_CLASS = YES_ERROR;
				CLANG_WARN_QUOTED_INCLUDE_IN_FRAMEWORK_HEADER = YES;
				CLANG_WARN_RANGE_LOOP_ANALYSIS = YES;
				CLANG_WARN_STRICT_PROTOTYPES = YES;
				CLANG_WARN_SUSPICIOUS_MOVE = YES;
				CLANG_WARN_UNGUARDED_AVAILABILITY = YES_AGGRESSIVE;
				CLANG_WARN_UNREACHABLE_CODE = YES;
				CLANG_WARN__DUPLICATE_METHOD_MATCH = YES;
				COPY_PHASE_STRIP = NO;
				DEBUG_INFORMATION_FORMAT = dwarf;
				ENABLE_STRICT_OBJC_MSGSEND = YES;
				ENABLE_TESTABILITY = YES;
				ENABLE_USER_SCRIPT_SANDBOXING = YES;
				GCC_C_LANGUAGE_STANDARD = gnu17;
				GCC_DYNAMIC_NO_PIC = NO;
				GCC_NO_COMMON_BLOCKS = YES;
				GCC_OPTIMIZATION_LEVEL = 0;
				GCC_PREPROCESSOR_DEFINITIONS = (
					"DEBUG=1",
					"$(inherited)",
				);
				GCC_WARN_64_TO_32_BIT_CONVERSION = YES;
				GCC_WARN_ABOUT_RETURN_TYPE = YES_ERROR;
				GCC_WARN_UNDECLARED_SELECTOR = YES;
				GCC_WARN_UNINITIALIZED_AUTOS = YES_AGGRESSIVE;
				GCC_WARN_UNUSED_FUNCTION = YES;
				GCC_WARN_UNUSED_VARIABLE = YES;
				IPHONEOS_DEPLOYMENT_TARGET = 17.0;
				LOCALIZATION_PREFERS_STRING_CATALOGS = YES;
				MTL_ENABLE_DEBUG_INFO = INCLUDE_SOURCE;
				MTL_FAST_MATH = YES;
				ONLY_ACTIVE_ARCH = YES;
				SDKROOT = iphoneos;
				SWIFT_ACTIVE_COMPILATION_CONDITIONS = "DEBUG $(inherited)";
				SWIFT_OPTIMIZATION_LEVEL = "-Onone";
			};
			name = Debug;
		};
		85DBDE902AE42E3800DB5763 /* Release */ = {
			isa = XCBuildConfiguration;
			buildSettings = {
				ALWAYS_SEARCH_USER_PATHS = NO;
				ASSETCATALOG_COMPILER_GENERATE_SWIFT_ASSET_SYMBOL_EXTENSIONS = YES;
				CLANG_ANALYZER_NONNULL = YES;
				CLANG_ANALYZER_NUMBER_OBJECT_CONVERSION = YES_AGGRESSIVE;
				CLANG_CXX_LANGUAGE_STANDARD = "gnu++20";
				CLANG_ENABLE_MODULES = YES;
				CLANG_ENABLE_OBJC_ARC = YES;
				CLANG_ENABLE_OBJC_WEAK = YES;
				CLANG_WARN_BLOCK_CAPTURE_AUTORELEASING = YES;
				CLANG_WARN_BOOL_CONVERSION = YES;
				CLANG_WARN_COMMA = YES;
				CLANG_WARN_CONSTANT_CONVERSION = YES;
				CLANG_WARN_DEPRECATED_OBJC_IMPLEMENTATIONS = YES;
				CLANG_WARN_DIRECT_OBJC_ISA_USAGE = YES_ERROR;
				CLANG_WARN_DOCUMENTATION_COMMENTS = YES;
				CLANG_WARN_EMPTY_BODY = YES;
				CLANG_WARN_ENUM_CONVERSION = YES;
				CLANG_WARN_INFINITE_RECURSION = YES;
				CLANG_WARN_INT_CONVERSION = YES;
				CLANG_WARN_NON_LITERAL_NULL_CONVERSION = YES;
				CLANG_WARN_OBJC_IMPLICIT_RETAIN_SELF = YES;
				CLANG_WARN_OBJC_LITERAL_CONVERSION = YES;
				CLANG_WARN_OBJC_ROOT_CLASS = YES_ERROR;
				CLANG_WARN_QUOTED_INCLUDE_IN_FRAMEWORK_HEADER = YES;
				CLANG_WARN_RANGE_LOOP_ANALYSIS = YES;
				CLANG_WARN_STRICT_PROTOTYPES = YES;
				CLANG_WARN_SUSPICIOUS_MOVE = YES;
				CLANG_WARN_UNGUARDED_AVAILABILITY = YES_AGGRESSIVE;
				CLANG_WARN_UNREACHABLE_CODE = YES;
				CLANG_WARN__DUPLICATE_METHOD_MATCH = YES;
				COPY_PHASE_STRIP = NO;
				DEBUG_INFORMATION_FORMAT = "dwarf-with-dsym";
				ENABLE_NS_ASSERTIONS = NO;
				ENABLE_STRICT_OBJC_MSGSEND = YES;
				ENABLE_USER_SCRIPT_SANDBOXING = YES;
				GCC_C_LANGUAGE_STANDARD = gnu17;
				GCC_NO_COMMON_BLOCKS = YES;
				GCC_WARN_64_TO_32_BIT_CONVERSION = YES;
				GCC_WARN_ABOUT_RETURN_TYPE = YES_ERROR;
				GCC_WARN_UNDECLARED_SELECTOR = YES;
				GCC_WARN_UNINITIALIZED_AUTOS = YES_AGGRESSIVE;
				GCC_WARN_UNUSED_FUNCTION = YES;
				GCC_WARN_UNUSED_VARIABLE = YES;
				IPHONEOS_DEPLOYMENT_TARGET = 17.0;
				LOCALIZATION_PREFERS_STRING_CATALOGS = YES;
				MTL_ENABLE_DEBUG_INFO = NO;
				MTL_FAST_MATH = YES;
				SDKROOT = iphoneos;
				SWIFT_COMPILATION_MODE = wholemodule;
				VALIDATE_PRODUCT = YES;
			};
			name = Release;
		};
		85DBDE922AE42E3800DB5763 /* Debug */ = {
			isa = XCBuildConfiguration;
			buildSettings = {
				ASSETCATALOG_COMPILER_APPICON_NAME = AppIcon;
				ASSETCATALOG_COMPILER_GLOBAL_ACCENT_COLOR_NAME = AccentColor;
				CODE_SIGN_STYLE = Automatic;
				CURRENT_PROJECT_VERSION = 1;
				DEVELOPMENT_ASSET_PATHS = "\"Chivi/Preview Content\"";
				DEVELOPMENT_TEAM = WHB97KRP2U;
				ENABLE_PREVIEWS = YES;
				GENERATE_INFOPLIST_FILE = YES;
				INFOPLIST_KEY_NSLocationWhenInUseUsageDescription = "Your Location helps us give you a better experience";
				INFOPLIST_KEY_UIApplicationSceneManifest_Generation = YES;
				INFOPLIST_KEY_UIApplicationSupportsIndirectInputEvents = YES;
				INFOPLIST_KEY_UILaunchScreen_Generation = YES;
				INFOPLIST_KEY_UISupportedInterfaceOrientations_iPad = "UIInterfaceOrientationPortrait UIInterfaceOrientationPortraitUpsideDown UIInterfaceOrientationLandscapeLeft UIInterfaceOrientationLandscapeRight";
				INFOPLIST_KEY_UISupportedInterfaceOrientations_iPhone = "UIInterfaceOrientationPortrait UIInterfaceOrientationLandscapeLeft UIInterfaceOrientationLandscapeRight";
				LD_RUNPATH_SEARCH_PATHS = (
					"$(inherited)",
					"@executable_path/Frameworks",
				);
				MARKETING_VERSION = 1.0;
				PRODUCT_BUNDLE_IDENTIFIER = AbrahamOrganiship.Chivi;
				PRODUCT_NAME = "$(TARGET_NAME)";
				SWIFT_EMIT_LOC_STRINGS = YES;
				SWIFT_VERSION = 5.0;
				TARGETED_DEVICE_FAMILY = "1,2";
			};
			name = Debug;
		};
		85DBDE932AE42E3800DB5763 /* Release */ = {
			isa = XCBuildConfiguration;
			buildSettings = {
				ASSETCATALOG_COMPILER_APPICON_NAME = AppIcon;
				ASSETCATALOG_COMPILER_GLOBAL_ACCENT_COLOR_NAME = AccentColor;
				CODE_SIGN_STYLE = Automatic;
				CURRENT_PROJECT_VERSION = 1;
				DEVELOPMENT_ASSET_PATHS = "\"Chivi/Preview Content\"";
				DEVELOPMENT_TEAM = WHB97KRP2U;
				ENABLE_PREVIEWS = YES;
				GENERATE_INFOPLIST_FILE = YES;
				INFOPLIST_KEY_NSLocationWhenInUseUsageDescription = "Your Location helps us give you a better experience";
				INFOPLIST_KEY_UIApplicationSceneManifest_Generation = YES;
				INFOPLIST_KEY_UIApplicationSupportsIndirectInputEvents = YES;
				INFOPLIST_KEY_UILaunchScreen_Generation = YES;
				INFOPLIST_KEY_UISupportedInterfaceOrientations_iPad = "UIInterfaceOrientationPortrait UIInterfaceOrientationPortraitUpsideDown UIInterfaceOrientationLandscapeLeft UIInterfaceOrientationLandscapeRight";
				INFOPLIST_KEY_UISupportedInterfaceOrientations_iPhone = "UIInterfaceOrientationPortrait UIInterfaceOrientationLandscapeLeft UIInterfaceOrientationLandscapeRight";
				LD_RUNPATH_SEARCH_PATHS = (
					"$(inherited)",
					"@executable_path/Frameworks",
				);
				MARKETING_VERSION = 1.0;
				PRODUCT_BUNDLE_IDENTIFIER = AbrahamOrganiship.Chivi;
				PRODUCT_NAME = "$(TARGET_NAME)";
				SWIFT_EMIT_LOC_STRINGS = YES;
				SWIFT_VERSION = 5.0;
				TARGETED_DEVICE_FAMILY = "1,2";
			};
			name = Release;
		};
		85DBDE952AE42E3800DB5763 /* Debug */ = {
			isa = XCBuildConfiguration;
			buildSettings = {
				ALWAYS_EMBED_SWIFT_STANDARD_LIBRARIES = YES;
				BUNDLE_LOADER = "$(TEST_HOST)";
				CODE_SIGN_STYLE = Automatic;
				CURRENT_PROJECT_VERSION = 1;
				DEVELOPMENT_TEAM = WHB97KRP2U;
				GENERATE_INFOPLIST_FILE = YES;
				IPHONEOS_DEPLOYMENT_TARGET = 17.0;
				MARKETING_VERSION = 1.0;
				PRODUCT_BUNDLE_IDENTIFIER = AbrahamOrganiship.ChiviTests;
				PRODUCT_NAME = "$(TARGET_NAME)";
				SWIFT_EMIT_LOC_STRINGS = NO;
				SWIFT_VERSION = 5.0;
				TARGETED_DEVICE_FAMILY = "1,2";
				TEST_HOST = "$(BUILT_PRODUCTS_DIR)/Chivi.app/$(BUNDLE_EXECUTABLE_FOLDER_PATH)/Chivi";
			};
			name = Debug;
		};
		85DBDE962AE42E3800DB5763 /* Release */ = {
			isa = XCBuildConfiguration;
			buildSettings = {
				ALWAYS_EMBED_SWIFT_STANDARD_LIBRARIES = YES;
				BUNDLE_LOADER = "$(TEST_HOST)";
				CODE_SIGN_STYLE = Automatic;
				CURRENT_PROJECT_VERSION = 1;
				DEVELOPMENT_TEAM = WHB97KRP2U;
				GENERATE_INFOPLIST_FILE = YES;
				IPHONEOS_DEPLOYMENT_TARGET = 17.0;
				MARKETING_VERSION = 1.0;
				PRODUCT_BUNDLE_IDENTIFIER = AbrahamOrganiship.ChiviTests;
				PRODUCT_NAME = "$(TARGET_NAME)";
				SWIFT_EMIT_LOC_STRINGS = NO;
				SWIFT_VERSION = 5.0;
				TARGETED_DEVICE_FAMILY = "1,2";
				TEST_HOST = "$(BUILT_PRODUCTS_DIR)/Chivi.app/$(BUNDLE_EXECUTABLE_FOLDER_PATH)/Chivi";
			};
			name = Release;
		};
		85DBDE982AE42E3800DB5763 /* Debug */ = {
			isa = XCBuildConfiguration;
			buildSettings = {
				ALWAYS_EMBED_SWIFT_STANDARD_LIBRARIES = YES;
				CODE_SIGN_STYLE = Automatic;
				CURRENT_PROJECT_VERSION = 1;
				DEVELOPMENT_TEAM = WHB97KRP2U;
				GENERATE_INFOPLIST_FILE = YES;
				MARKETING_VERSION = 1.0;
				PRODUCT_BUNDLE_IDENTIFIER = AbrahamOrganiship.ChiviUITests;
				PRODUCT_NAME = "$(TARGET_NAME)";
				SWIFT_EMIT_LOC_STRINGS = NO;
				SWIFT_VERSION = 5.0;
				TARGETED_DEVICE_FAMILY = "1,2";
				TEST_TARGET_NAME = Chivi;
			};
			name = Debug;
		};
		85DBDE992AE42E3800DB5763 /* Release */ = {
			isa = XCBuildConfiguration;
			buildSettings = {
				ALWAYS_EMBED_SWIFT_STANDARD_LIBRARIES = YES;
				CODE_SIGN_STYLE = Automatic;
				CURRENT_PROJECT_VERSION = 1;
				DEVELOPMENT_TEAM = WHB97KRP2U;
				GENERATE_INFOPLIST_FILE = YES;
				MARKETING_VERSION = 1.0;
				PRODUCT_BUNDLE_IDENTIFIER = AbrahamOrganiship.ChiviUITests;
				PRODUCT_NAME = "$(TARGET_NAME)";
				SWIFT_EMIT_LOC_STRINGS = NO;
				SWIFT_VERSION = 5.0;
				TARGETED_DEVICE_FAMILY = "1,2";
				TEST_TARGET_NAME = Chivi;
			};
			name = Release;
		};
/* End XCBuildConfiguration section */

/* Begin XCConfigurationList section */
		85DBDE682AE42E3600DB5763 /* Build configuration list for PBXProject "Chivi" */ = {
			isa = XCConfigurationList;
			buildConfigurations = (
				85DBDE8F2AE42E3800DB5763 /* Debug */,
				85DBDE902AE42E3800DB5763 /* Release */,
			);
			defaultConfigurationIsVisible = 0;
			defaultConfigurationName = Release;
		};
		85DBDE912AE42E3800DB5763 /* Build configuration list for PBXNativeTarget "Chivi" */ = {
			isa = XCConfigurationList;
			buildConfigurations = (
				85DBDE922AE42E3800DB5763 /* Debug */,
				85DBDE932AE42E3800DB5763 /* Release */,
			);
			defaultConfigurationIsVisible = 0;
			defaultConfigurationName = Release;
		};
		85DBDE942AE42E3800DB5763 /* Build configuration list for PBXNativeTarget "ChiviTests" */ = {
			isa = XCConfigurationList;
			buildConfigurations = (
				85DBDE952AE42E3800DB5763 /* Debug */,
				85DBDE962AE42E3800DB5763 /* Release */,
			);
			defaultConfigurationIsVisible = 0;
			defaultConfigurationName = Release;
		};
		85DBDE972AE42E3800DB5763 /* Build configuration list for PBXNativeTarget "ChiviUITests" */ = {
			isa = XCConfigurationList;
			buildConfigurations = (
				85DBDE982AE42E3800DB5763 /* Debug */,
				85DBDE992AE42E3800DB5763 /* Release */,
			);
			defaultConfigurationIsVisible = 0;
			defaultConfigurationName = Release;
		};
/* End XCConfigurationList section */

/* Begin XCRemoteSwiftPackageReference section */
		B9882B1F2B155EA3007709E3 /* XCRemoteSwiftPackageReference "firebase-ios-sdk" */ = {
			isa = XCRemoteSwiftPackageReference;
			repositoryURL = "https://github.com/firebase/firebase-ios-sdk";
			requirement = {
				kind = upToNextMajorVersion;
				minimumVersion = 10.18.0;
			};
		};
/* End XCRemoteSwiftPackageReference section */

/* Begin XCSwiftPackageProductDependency section */
		B9882B202B155EA3007709E3 /* FirebaseAnalytics */ = {
			isa = XCSwiftPackageProductDependency;
			package = B9882B1F2B155EA3007709E3 /* XCRemoteSwiftPackageReference "firebase-ios-sdk" */;
			productName = FirebaseAnalytics;
		};
		B9882B222B155EA3007709E3 /* FirebaseAnalyticsOnDeviceConversion */ = {
			isa = XCSwiftPackageProductDependency;
			package = B9882B1F2B155EA3007709E3 /* XCRemoteSwiftPackageReference "firebase-ios-sdk" */;
			productName = FirebaseAnalyticsOnDeviceConversion;
		};
		B9882B242B155EA3007709E3 /* FirebaseAnalyticsSwift */ = {
			isa = XCSwiftPackageProductDependency;
			package = B9882B1F2B155EA3007709E3 /* XCRemoteSwiftPackageReference "firebase-ios-sdk" */;
			productName = FirebaseAnalyticsSwift;
		};
		B9882B262B155EA3007709E3 /* FirebaseAnalyticsWithoutAdIdSupport */ = {
			isa = XCSwiftPackageProductDependency;
			package = B9882B1F2B155EA3007709E3 /* XCRemoteSwiftPackageReference "firebase-ios-sdk" */;
			productName = FirebaseAnalyticsWithoutAdIdSupport;
		};
		B9882B282B155EA3007709E3 /* FirebaseAppCheck */ = {
			isa = XCSwiftPackageProductDependency;
			package = B9882B1F2B155EA3007709E3 /* XCRemoteSwiftPackageReference "firebase-ios-sdk" */;
			productName = FirebaseAppCheck;
		};
		B9882B2A2B155EA3007709E3 /* FirebaseAppDistribution-Beta */ = {
			isa = XCSwiftPackageProductDependency;
			package = B9882B1F2B155EA3007709E3 /* XCRemoteSwiftPackageReference "firebase-ios-sdk" */;
			productName = "FirebaseAppDistribution-Beta";
		};
		B9882B2C2B155EA3007709E3 /* FirebaseAuth */ = {
			isa = XCSwiftPackageProductDependency;
			package = B9882B1F2B155EA3007709E3 /* XCRemoteSwiftPackageReference "firebase-ios-sdk" */;
			productName = FirebaseAuth;
		};
		B9882B2E2B155EA3007709E3 /* FirebaseAuthCombine-Community */ = {
			isa = XCSwiftPackageProductDependency;
			package = B9882B1F2B155EA3007709E3 /* XCRemoteSwiftPackageReference "firebase-ios-sdk" */;
			productName = "FirebaseAuthCombine-Community";
		};
		B9882B302B155EA3007709E3 /* FirebaseCrashlytics */ = {
			isa = XCSwiftPackageProductDependency;
			package = B9882B1F2B155EA3007709E3 /* XCRemoteSwiftPackageReference "firebase-ios-sdk" */;
			productName = FirebaseCrashlytics;
		};
		B9882B322B155EA3007709E3 /* FirebaseDatabase */ = {
			isa = XCSwiftPackageProductDependency;
			package = B9882B1F2B155EA3007709E3 /* XCRemoteSwiftPackageReference "firebase-ios-sdk" */;
			productName = FirebaseDatabase;
		};
		B9882B342B155EA3007709E3 /* FirebaseDatabaseSwift */ = {
			isa = XCSwiftPackageProductDependency;
			package = B9882B1F2B155EA3007709E3 /* XCRemoteSwiftPackageReference "firebase-ios-sdk" */;
			productName = FirebaseDatabaseSwift;
		};
		B9882B362B155EA3007709E3 /* FirebaseDynamicLinks */ = {
			isa = XCSwiftPackageProductDependency;
			package = B9882B1F2B155EA3007709E3 /* XCRemoteSwiftPackageReference "firebase-ios-sdk" */;
			productName = FirebaseDynamicLinks;
		};
		B9882B382B155EA3007709E3 /* FirebaseFirestore */ = {
			isa = XCSwiftPackageProductDependency;
			package = B9882B1F2B155EA3007709E3 /* XCRemoteSwiftPackageReference "firebase-ios-sdk" */;
			productName = FirebaseFirestore;
		};
		B9882B3A2B155EA3007709E3 /* FirebaseFirestoreCombine-Community */ = {
			isa = XCSwiftPackageProductDependency;
			package = B9882B1F2B155EA3007709E3 /* XCRemoteSwiftPackageReference "firebase-ios-sdk" */;
			productName = "FirebaseFirestoreCombine-Community";
		};
		B9882B3C2B155EA3007709E3 /* FirebaseFirestoreSwift */ = {
			isa = XCSwiftPackageProductDependency;
			package = B9882B1F2B155EA3007709E3 /* XCRemoteSwiftPackageReference "firebase-ios-sdk" */;
			productName = FirebaseFirestoreSwift;
		};
		B9882B3E2B155EA3007709E3 /* FirebaseFunctions */ = {
			isa = XCSwiftPackageProductDependency;
			package = B9882B1F2B155EA3007709E3 /* XCRemoteSwiftPackageReference "firebase-ios-sdk" */;
			productName = FirebaseFunctions;
		};
		B9882B402B155EA3007709E3 /* FirebaseFunctionsCombine-Community */ = {
			isa = XCSwiftPackageProductDependency;
			package = B9882B1F2B155EA3007709E3 /* XCRemoteSwiftPackageReference "firebase-ios-sdk" */;
			productName = "FirebaseFunctionsCombine-Community";
		};
		B9882B422B155EA3007709E3 /* FirebaseInAppMessaging-Beta */ = {
			isa = XCSwiftPackageProductDependency;
			package = B9882B1F2B155EA3007709E3 /* XCRemoteSwiftPackageReference "firebase-ios-sdk" */;
			productName = "FirebaseInAppMessaging-Beta";
		};
		B9882B442B155EA3007709E3 /* FirebaseInAppMessagingSwift-Beta */ = {
			isa = XCSwiftPackageProductDependency;
			package = B9882B1F2B155EA3007709E3 /* XCRemoteSwiftPackageReference "firebase-ios-sdk" */;
			productName = "FirebaseInAppMessagingSwift-Beta";
		};
		B9882B462B155EA3007709E3 /* FirebaseInstallations */ = {
			isa = XCSwiftPackageProductDependency;
			package = B9882B1F2B155EA3007709E3 /* XCRemoteSwiftPackageReference "firebase-ios-sdk" */;
			productName = FirebaseInstallations;
		};
		B9882B482B155EA3007709E3 /* FirebaseMLModelDownloader */ = {
			isa = XCSwiftPackageProductDependency;
			package = B9882B1F2B155EA3007709E3 /* XCRemoteSwiftPackageReference "firebase-ios-sdk" */;
			productName = FirebaseMLModelDownloader;
		};
		B9882B4A2B155EA3007709E3 /* FirebaseMessaging */ = {
			isa = XCSwiftPackageProductDependency;
			package = B9882B1F2B155EA3007709E3 /* XCRemoteSwiftPackageReference "firebase-ios-sdk" */;
			productName = FirebaseMessaging;
		};
		B9882B4C2B155EA3007709E3 /* FirebasePerformance */ = {
			isa = XCSwiftPackageProductDependency;
			package = B9882B1F2B155EA3007709E3 /* XCRemoteSwiftPackageReference "firebase-ios-sdk" */;
			productName = FirebasePerformance;
		};
		B9882B4E2B155EA3007709E3 /* FirebaseRemoteConfig */ = {
			isa = XCSwiftPackageProductDependency;
			package = B9882B1F2B155EA3007709E3 /* XCRemoteSwiftPackageReference "firebase-ios-sdk" */;
			productName = FirebaseRemoteConfig;
		};
		B9882B502B155EA3007709E3 /* FirebaseRemoteConfigSwift */ = {
			isa = XCSwiftPackageProductDependency;
			package = B9882B1F2B155EA3007709E3 /* XCRemoteSwiftPackageReference "firebase-ios-sdk" */;
			productName = FirebaseRemoteConfigSwift;
		};
		B9882B522B155EA3007709E3 /* FirebaseStorage */ = {
			isa = XCSwiftPackageProductDependency;
			package = B9882B1F2B155EA3007709E3 /* XCRemoteSwiftPackageReference "firebase-ios-sdk" */;
			productName = FirebaseStorage;
		};
		B9882B542B155EA3007709E3 /* FirebaseStorageCombine-Community */ = {
			isa = XCSwiftPackageProductDependency;
			package = B9882B1F2B155EA3007709E3 /* XCRemoteSwiftPackageReference "firebase-ios-sdk" */;
			productName = "FirebaseStorageCombine-Community";
		};
/* End XCSwiftPackageProductDependency section */
	};
	rootObject = 85DBDE652AE42E3600DB5763 /* Project object */;
}
